Microsoft Visual Studio Solution File, Format Version 12.00
# Visual Studio Version 17
VisualStudioVersion = 17.5.2.0
MinimumVisualStudioVersion = 10.0.40219.1
Project("{FAE04EC0-301F-11D3-BF4B-00C04F79EFBC}") = "AgentFrameworkLab", "AgentFrameworkLab\AgentFrameworkLab.csproj", "{CD7EA5DF-092E-E9D0-E28F-D145F4E261EA}"
EndProject
Global
	GlobalSection(SolutionConfigurationPlatforms) = preSolution
		Debug|Any CPU = Debug|Any CPU
		Release|Any CPU = Release|Any CPU
	EndGlobalSection
	GlobalSection(ProjectConfigurationPlatforms) = postSolution
		{CD7EA5DF-092E-E9D0-E28F-D145F4E261EA}.Debug|Any CPU.ActiveCfg = Debug|Any CPU
		{CD7EA5DF-092E-E9D0-E28F-D145F4E261EA}.Debug|Any CPU.Build.0 = Debug|Any CPU
		{CD7EA5DF-092E-E9D0-E28F-D145F4E261EA}.Release|Any CPU.ActiveCfg = Release|Any CPU
		{CD7EA5DF-092E-E9D0-E28F-D145F4E261EA}.Release|Any CPU.Build.0 = Release|Any CPU
	EndGlobalSection
	GlobalSection(SolutionProperties) = preSolution
		HideSolutionNode = FALSE
	EndGlobalSection
	GlobalSection(ExtensibilityGlobals) = postSolution
		SolutionGuid = {2CF00E92-A01B-40A4-A392-7DA002357DD3}
	EndGlobalSection
EndGlobal
